PODS:
  - Flutter (1.0.0)
  - mz_rsa_plugin (0.0.1):
    - Flutter

DEPENDENCIES:
  - Flutter (from `Flutter`)
  - mz_rsa_plugin (from `.symlinks/plugins/mz_rsa_plugin/ios`)

EXTERNAL SOURCES:
  Flutter:
    :path: Flutter
  mz_rsa_plugin:
    :path: ".symlinks/plugins/mz_rsa_plugin/ios"

SPEC CHECKSUMS:
  Flutter: 434fef37c0980e73bb6479ef766c45957d4b510c
  mz_rsa_plugin: 6c0937e7a051700b2050a0af93fdadb811b26558

PODFILE CHECKSUM: 8e679eca47255a8ca8067c4c67aab20e64cb974d

COCOAPODS: 1.11.2
